
Microsoft Visual Studio Solution File, Format Version 12.00
# Visual Studio Version 16
VisualStudioVersion = 16.0.30804.86
MinimumVisualStudioVersion = 10.0.40219.1
Project("{9A19103F-16F7-4668-BE54-9A1E7A4F7556}") = "Hefesto.Tests", "Hefesto.Tests\Hefesto.Tests.csproj", "{BE087C50-EB26-481D-819B-A9831D160A66}"
EndProject
Project("{FAE04EC0-301F-11D3-BF4B-00C04F79EFBC}") = "Hefesto", "Hefesto\Hefesto.csproj", "{28BA69D3-7054-4E86-A884-DC079D8FA16C}"
EndProject
Global
	GlobalSection(SolutionConfigurationPlatforms) = preSolution
		Debug|Any CPU = Debug|Any CPU
		Release|Any CPU = Release|Any CPU
	EndGlobalSection
	GlobalSection(ProjectConfigurationPlatforms) = postSolution
		{BE087C50-EB26-481D-819B-A9831D160A66}.Debug|Any CPU.ActiveCfg = Debug|Any CPU
		{BE087C50-EB26-481D-819B-A9831D160A66}.Debug|Any CPU.Build.0 = Debug|Any CPU
		{BE087C50-EB26-481D-819B-A9831D160A66}.Release|Any CPU.ActiveCfg = Release|Any CPU
		{BE087C50-EB26-481D-819B-A9831D160A66}.Release|Any CPU.Build.0 = Release|Any CPU
		{28BA69D3-7054-4E86-A884-DC079D8FA16C}.Debug|Any CPU.ActiveCfg = Debug|Any CPU
		{28BA69D3-7054-4E86-A884-DC079D8FA16C}.Debug|Any CPU.Build.0 = Debug|Any CPU
		{28BA69D3-7054-4E86-A884-DC079D8FA16C}.Release|Any CPU.ActiveCfg = Release|Any CPU
		{28BA69D3-7054-4E86-A884-DC079D8FA16C}.Release|Any CPU.Build.0 = Release|Any CPU
	EndGlobalSection
	GlobalSection(SolutionProperties) = preSolution
		HideSolutionNode = FALSE
	EndGlobalSection
	GlobalSection(ExtensibilityGlobals) = postSolution
		SolutionGuid = {3607E9D9-B14F-4D72-A8C2-01D65641C761}
	EndGlobalSection
EndGlobal
